// !$*UTF8*$!
{
	archiveVersion = 1;
	classes = {
	};
	objectVersion = 46;
	objects = {

/* Begin PBXBuildFile section */
		50B129841F4A8B8900722EFD /* main.m in Sources */ = {isa = PBXBuildFile; fileRef = 50B129831F4A8B8900722EFD /* main.m */; };
		50B129871F4A8B8900722EFD /* AppDelegate.m in Sources */ = {isa = PBXBuildFile; fileRef = 50B129861F4A8B8900722EFD /* AppDelegate.m */; };
		50B1298A1F4A8B8900722EFD /* ViewController.m in Sources */ = {isa = PBXBuildFile; fileRef = 50B129891F4A8B8900722EFD /* ViewController.m */; };
		50B1298D1F4A8B8900722EFD /* Main.storyboard in Resources */ = {isa = PBXBuildFile; fileRef = 50B1298B1F4A8B8900722EFD /* Main.storyboard */; };
		50B1298F1F4A8B8900722EFD /* Assets.xcassets in Resources */ = {isa = PBXBuildFile; fileRef = 50B1298E1F4A8B8900722EFD /* Assets.xcassets */; };
		50B129921F4A8B8900722EFD /* LaunchScreen.storyboard in Resources */ = {isa = PBXBuildFile; fileRef = 50B129901F4A8B8900722EFD /* LaunchScreen.storyboard */; };
		50B1299C1F4A8BC300722EFD /* HHSafeTimer.m in Sources */ = {isa = PBXBuildFile; fileRef = 50B1299B1F4A8BC300722EFD /* HHSafeTimer.m */; };
		50B1299F1F4A90C700722EFD /* ReferenceViewController.m in Sources */ = {isa = PBXBuildFile; fileRef = 50B1299E1F4A90C700722EFD /* ReferenceViewController.m */; };
		50B129A11F4A910F00722EFD /* ReferenceViewController.xib in Resources */ = {isa = PBXBuildFile; fileRef = 50B129A01F4A910F00722EFD /* ReferenceViewController.xib */; };
/* End PBXBuildFile section */

/* Begin PBXFileReference section */
		50B1297F1F4A8B8900722EFD /* HHSafeTimerDemo.app */ = {isa = PBXFileReference; explicitFileType = wrapper.application; includeInIndex = 0; path = HHSafeTimerDemo.app; sourceTree = BUILT_PRODUCTS_DIR; };
		50B129831F4A8B8900722EFD /* main.m */ = {isa = PBXFileReference; lastKnownFileType = sourcecode.c.objc; path = main.m; sourceTree = "<group>"; };
		50B129851F4A8B8900722EFD /* AppDelegate.h */ = {isa = PBXFileReference; lastKnownFileType = sourcecode.c.h; path = AppDelegate.h; sourceTree = "<group>"; };
		50B129861F4A8B8900722EFD /* AppDelegate.m */ = {isa = PBXFileReference; lastKnownFileType = sourcecode.c.objc; path = AppDelegate.m; sourceTree = "<group>"; };
		50B129881F4A8B8900722EFD /* ViewController.h */ = {isa = PBXFileReference; lastKnownFileType = sourcecode.c.h; path = ViewController.h; sourceTree = "<group>"; };
		50B129891F4A8B8900722EFD /* ViewController.m */ = {isa = PBXFileReference; lastKnownFileType = sourcecode.c.objc; path = ViewController.m; sourceTree = "<group>"; };
		50B1298C1F4A8B8900722EFD /* Base */ = {isa = PBXFileReference; lastKnownFileType = file.storyboard; name = Base; path = Base.lproj/Main.storyboard; sourceTree = "<group>"; };
		50B1298E1F4A8B8900722EFD /* Assets.xcassets */ = {isa = PBXFileReference; lastKnownFileType = folder.assetcatalog; path = Assets.xcassets; sourceTree = "<group>"; };
		50B129911F4A8B8900722EFD /* Base */ = {isa = PBXFileReference; lastKnownFileType = file.storyboard; name = Base; path = Base.lproj/LaunchScreen.storyboard; sourceTree = "<group>"; };
		50B129931F4A8B8900722EFD /* Info.plist */ = {isa = PBXFileReference; lastKnownFileType = text.plist.xml; path = Info.plist; sourceTree = "<group>"; };
		50B1299A1F4A8BC300722EFD /* HHSafeTimer.h */ = {isa = PBXFileReference; fileEncoding = 4; lastKnownFileType = sourcecode.c.h; path = HHSafeTimer.h; sourceTree = "<group>"; };
		50B1299B1F4A8BC300722EFD /* HHSafeTimer.m */ = {isa = PBXFileReference; fileEncoding = 4; lastKnownFileType = sourcecode.c.objc; path = HHSafeTimer.m; sourceTree = "<group>"; };
		50B1299D1F4A90C700722EFD /* ReferenceViewController.h */ = {isa = PBXFileReference; fileEncoding = 4; lastKnownFileType = sourcecode.c.h; path = ReferenceViewController.h; sourceTree = "<group>"; };
		50B1299E1F4A90C700722EFD /* ReferenceViewController.m */ = {isa = PBXFileReference; fileEncoding = 4; lastKnownFileType = sourcecode.c.objc; path = ReferenceViewController.m; sourceTree = "<group>"; };
		50B129A01F4A910F00722EFD /* ReferenceViewController.xib */ = {isa = PBXFileReference; fileEncoding = 4; lastKnownFileType = file.xib; path = ReferenceViewController.xib; sourceTree = "<group>"; };
/* End PBXFileReference section */

/* Begin PBXFrameworksBuildPhase section */
		50B1297C1F4A8B8900722EFD /* Frameworks */ = {
			isa = PBXFrameworksBuildPhase;
			buildActionMask = 2147483647;
			files = (
			);
			runOnlyForDeploymentPostprocessing = 0;
		};
/* End PBXFrameworksBuildPhase section */

/* Begin PBXGroup section */
		50B129761F4A8B8900722EFD = {
			isa = PBXGroup;
			children = (
				50B129991F4A8BC300722EFD /* HHSafeTimer */,
				50B129811F4A8B8900722EFD /* HHSafeTimerDemo */,
				50B129801F4A8B8900722EFD /* Products */,
			);
			sourceTree = "<group>";
		};
		50B129801F4A8B8900722EFD /* Products */ = {
			isa = PBXGroup;
			children = (
				50B1297F1F4A8B8900722EFD /* HHSafeTimerDemo.app */,
			);
			name = Products;
			sourceTree = "<group>";
		};
		50B129811F4A8B8900722EFD /* HHSafeTimerDemo */ = {
			isa = PBXGroup;
			children = (
				50B129851F4A8B8900722EFD /* AppDelegate.h */,
				50B129861F4A8B8900722EFD /* AppDelegate.m */,
				50B129881F4A8B8900722EFD /* ViewController.h */,
				50B129891F4A8B8900722EFD /* ViewController.m */,
				50B1298B1F4A8B8900722EFD /* Main.storyboard */,
				50B1299D1F4A90C700722EFD /* ReferenceViewController.h */,
				50B1299E1F4A90C700722EFD /* ReferenceViewController.m */,
				50B129A01F4A910F00722EFD /* ReferenceViewController.xib */,
				50B1298E1F4A8B8900722EFD /* Assets.xcassets */,
				50B129901F4A8B8900722EFD /* LaunchScreen.storyboard */,
				50B129931F4A8B8900722EFD /* Info.plist */,
				50B129821F4A8B8900722EFD /* Supporting Files */,
			);
			path = HHSafeTimerDemo;
			sourceTree = "<group>";
		};
		50B129821F4A8B8900722EFD /* Supporting Files */ = {
			isa = PBXGroup;
			children = (
				50B129831F4A8B8900722EFD /* main.m */,
			);
			name = "Supporting Files";
			sourceTree = "<group>";
		};
		50B129991F4A8BC300722EFD /* HHSafeTimer */ = {
			isa = PBXGroup;
			children = (
				50B1299A1F4A8BC300722EFD /* HHSafeTimer.h */,
				50B1299B1F4A8BC300722EFD /* HHSafeTimer.m */,
			);
			path = HHSafeTimer;
			sourceTree = "<group>";
		};
/* End PBXGroup section */

/* Begin PBXNativeTarget section */
		50B1297E1F4A8B8900722EFD /* HHSafeTimerDemo */ = {
			isa = PBXNativeTarget;
			buildConfigurationList = 50B129961F4A8B8900722EFD /* Build configuration list for PBXNativeTarget "HHSafeTimerDemo" */;
			buildPhases = (
				50B1297B1F4A8B8900722EFD /* Sources */,
				50B1297C1F4A8B8900722EFD /* Frameworks */,
				50B1297D1F4A8B8900722EFD /* Resources */,
			);
			buildRules = (
			);
			dependencies = (
			);
			name = HHSafeTimerDemo;
			productName = HHSafeTimerDemo;
			productReference = 50B1297F1F4A8B8900722EFD /* HHSafeTimerDemo.app */;
			productType = "com.apple.product-type.application";
		};
/* End PBXNativeTarget section */

/* Begin PBXProject section */
		50B129771F4A8B8900722EFD /* Project object */ = {
			isa = PBXProject;
			attributes = {
				LastUpgradeCheck = 0830;
				ORGANIZATIONNAME = "豫风";
				TargetAttributes = {
					50B1297E1F4A8B8900722EFD = {
						CreatedOnToolsVersion = 8.3.2;
						DevelopmentTeam = XX7R6557N2;
						ProvisioningStyle = Automatic;
					};
				};
			};
			buildConfigurationList = 50B1297A1F4A8B8900722EFD /* Build configuration list for PBXProject "HHSafeTimerDemo" */;
			compatibilityVersion = "Xcode 3.2";
			developmentRegion = English;
			hasScannedForEncodings = 0;
			knownRegions = (
				en,
				Base,
			);
			mainGroup = 50B129761F4A8B8900722EFD;
			productRefGroup = 50B129801F4A8B8900722EFD /* Products */;
			projectDirPath = "";
			projectRoot = "";
			targets = (
				50B1297E1F4A8B8900722EFD /* HHSafeTimerDemo */,
			);
		};
/* End PBXProject section */

/* Begin PBXResourcesBuildPhase section */
		50B1297D1F4A8B8900722EFD /* Resources */ = {
			isa = PBXResourcesBuildPhase;
			buildActionMask = 2147483647;
			files = (
				50B129921F4A8B8900722EFD /* LaunchScreen.storyboard in Resources */,
				50B1298F1F4A8B8900722EFD /* Assets.xcassets in Resources */,
				50B129A11F4A910F00722EFD /* ReferenceViewController.xib in Resources */,
				50B1298D1F4A8B8900722EFD /* Main.storyboard in Resources */,
			);
			runOnlyForDeploymentPostprocessing = 0;
		};
/* End PBXResourcesBuildPhase section */

/* Begin PBXSourcesBuildPhase section */
		50B1297B1F4A8B8900722EFD /* Sources */ = {
			isa = PBXSourcesBuildPhase;
			buildActionMask = 2147483647;
			files = (
				50B1299C1F4A8BC300722EFD /* HHSafeTimer.m in Sources */,
				50B1298A1F4A8B8900722EFD /* ViewController.m in Sources */,
				50B129871F4A8B8900722EFD /* AppDelegate.m in Sources */,
				50B1299F1F4A90C700722EFD /* ReferenceViewController.m in Sources */,
				50B129841F4A8B8900722EFD /* main.m in Sources */,
			);
			runOnlyForDeploymentPostprocessing = 0;
		};
/* End PBXSourcesBuildPhase section */

/* Begin PBXVariantGroup section */
		50B1298B1F4A8B8900722EFD /* Main.storyboard */ = {
			isa = PBXVariantGroup;
			children = (
				50B1298C1F4A8B8900722EFD /* Base */,
			);
			name = Main.storyboard;
			sourceTree = "<group>";
		};
		50B129901F4A8B8900722EFD /* LaunchScreen.storyboard */ = {
			isa = PBXVariantGroup;
			children = (
				50B129911F4A8B8900722EFD /* Base */,
			);
			name = LaunchScreen.storyboard;
			sourceTree = "<group>";
		};
/* End PBXVariantGroup section */

/* Begin XCBuildConfiguration section */
		50B129941F4A8B8900722EFD /* Debug */ = {
			isa = XCBuildConfiguration;
			buildSettings = {
				ALWAYS_SEARCH_USER_PATHS = NO;
				CLANG_ANALYZER_NONNULL = YES;
				CLANG_ANALYZER_NUMBER_OBJECT_CONVERSION = YES_AGGRESSIVE;
				CLANG_CXX_LANGUAGE_STANDARD = "gnu++0x";
				CLANG_CXX_LIBRARY = "libc++";
				CLANG_ENABLE_MODULES = YES;
				CLANG_ENABLE_OBJC_ARC = YES;
				CLANG_WARN_BOOL_CONVERSION = YES;
				CLANG_WARN_CONSTANT_CONVERSION = YES;
				CLANG_WARN_DIRECT_OBJC_ISA_USAGE = YES_ERROR;
				CLANG_WARN_DOCUMENTATION_COMMENTS = YES;
				CLANG_WARN_EMPTY_BODY = YES;
				CLANG_WARN_ENUM_CONVERSION = YES;
				CLANG_WARN_INFINITE_RECURSION = YES;
				CLANG_WARN_INT_CONVERSION = YES;
				CLANG_WARN_OBJC_ROOT_CLASS = YES_ERROR;
				CLANG_WARN_SUSPICIOUS_MOVE = YES;
				CLANG_WARN_UNREACHABLE_CODE = YES;
				CLANG_WARN__DUPLICATE_METHOD_MATCH = YES;
				"CODE_SIGN_IDENTITY[sdk=iphoneos*]" = "iPhone Developer";
				COPY_PHASE_STRIP = NO;
				DEBUG_INFORMATION_FORMAT = dwarf;
				ENABLE_STRICT_OBJC_MSGSEND = YES;
				ENABLE_TESTABILITY = YES;
				GCC_C_LANGUAGE_STANDARD = gnu99;
				GCC_DYNAMIC_NO_PIC = NO;
				GCC_NO_COMMON_BLOCKS = YES;
				GCC_OPTIMIZATION_LEVEL = 0;
				GCC_PREPROCESSOR_DEFINITIONS = (
					"DEBUG=1",
					"$(inherited)",
				);
				GCC_WARN_64_TO_32_BIT_CONVERSION = YES;
				GCC_WARN_ABOUT_RETURN_TYPE = YES_ERROR;
				GCC_WARN_UNDECLARED_SELECTOR = YES;
				GCC_WARN_UNINITIALIZED_AUTOS = YES_AGGRESSIVE;
				GCC_WARN_UNUSED_FUNCTION = YES;
				GCC_WARN_UNUSED_VARIABLE = YES;
				IPHONEOS_DEPLOYMENT_TARGET = 10.3;
				MTL_ENABLE_DEBUG_INFO = YES;
				ONLY_ACTIVE_ARCH = YES;
				SDKROOT = iphoneos;
				TARGETED_DEVICE_FAMILY = "1,2";
			};
			name = Debug;
		};
		50B129951F4A8B8900722EFD /* Release */ = {
			isa = XCBuildConfiguration;
			buildSettings = {
				ALWAYS_SEARCH_USER_PATHS = NO;
				CLANG_ANALYZER_NONNULL = YES;
				CLANG_ANALYZER_NUMBER_OBJECT_CONVERSION = YES_AGGRESSIVE;
				CLANG_CXX_LANGUAGE_STANDARD = "gnu++0x";
				CLANG_CXX_LIBRARY = "libc++";
				CLANG_ENABLE_MODULES = YES;
				CLANG_ENABLE_OBJC_ARC = YES;
				CLANG_WARN_BOOL_CONVERSION = YES;
				CLANG_WARN_CONSTANT_CONVERSION = YES;
				CLANG_WARN_DIRECT_OBJC_ISA_USAGE = YES_ERROR;
				CLANG_WARN_DOCUMENTATION_COMMENTS = YES;
				CLANG_WARN_EMPTY_BODY = YES;
				CLANG_WARN_ENUM_CONVERSION = YES;
				CLANG_WARN_INFINITE_RECURSION = YES;
				CLANG_WARN_INT_CONVERSION = YES;
				CLANG_WARN_OBJC_ROOT_CLASS = YES_ERROR;
				CLANG_WARN_SUSPICIOUS_MOVE = YES;
				CLANG_WARN_UNREACHABLE_CODE = YES;
				CLANG_WARN__DUPLICATE_METHOD_MATCH = YES;
				"CODE_SIGN_IDENTITY[sdk=iphoneos*]" = "iPhone Developer";
				COPY_PHASE_STRIP = NO;
				DEBUG_INFORMATION_FORMAT = "dwarf-with-dsym";
				ENABLE_NS_ASSERTIONS = NO;
				ENABLE_STRICT_OBJC_MSGSEND = YES;
				GCC_C_LANGUAGE_STANDARD = gnu99;
				GCC_NO_COMMON_BLOCKS = YES;
				GCC_WARN_64_TO_32_BIT_CONVERSION = YES;
				GCC_WARN_ABOUT_RETURN_TYPE = YES_ERROR;
				GCC_WARN_UNDECLARED_SELECTOR = YES;
				GCC_WARN_UNINITIALIZED_AUTOS = YES_AGGRESSIVE;
				GCC_WARN_UNUSED_FUNCTION = YES;
				GCC_WARN_UNUSED_VARIABLE = YES;
				IPHONEOS_DEPLOYMENT_TARGET = 10.3;
				MTL_ENABLE_DEBUG_INFO = NO;
				SDKROOT = iphoneos;
				TARGETED_DEVICE_FAMILY = "1,2";
				VALIDATE_PRODUCT = YES;
			};
			name = Release;
		};
		50B129971F4A8B8900722EFD /* Debug */ = {
			isa = XCBuildConfiguration;
			buildSettings = {
				ASSETCATALOG_COMPILER_APPICON_NAME = AppIcon;
				DEVELOPMENT_TEAM = XX7R6557N2;
				INFOPLIST_FILE = HHSafeTimerDemo/Info.plist;
				IPHONEOS_DEPLOYMENT_TARGET = 8.0;
				LD_RUNPATH_SEARCH_PATHS = "$(inherited) @executable_path/Frameworks";
				PRODUCT_BUNDLE_IDENTIFIER = hxw.HHSafeTimerDemo;
				PRODUCT_NAME = "$(TARGET_NAME)";
			};
			name = Debug;
		};
		50B129981F4A8B8900722EFD /* Release */ = {
			isa = XCBuildConfiguration;
			buildSettings = {
				ASSETCATALOG_COMPILER_APPICON_NAME = AppIcon;
				DEVELOPMENT_TEAM = XX7R6557N2;
				INFOPLIST_FILE = HHSafeTimerDemo/Info.plist;
				IPHONEOS_DEPLOYMENT_TARGET = 8.0;
				LD_RUNPATH_SEARCH_PATHS = "$(inherited) @executable_path/Frameworks";
				PRODUCT_BUNDLE_IDENTIFIER = hxw.HHSafeTimerDemo;
				PRODUCT_NAME = "$(TARGET_NAME)";
			};
			name = Release;
		};
/* End XCBuildConfiguration section */

/* Begin XCConfigurationList section */
		50B1297A1F4A8B8900722EFD /* Build configuration list for PBXProject "HHSafeTimerDemo" */ = {
			isa = XCConfigurationList;
			buildConfigurations = (
				50B129941F4A8B8900722EFD /* Debug */,
				50B129951F4A8B8900722EFD /* Release */,
			);
			defaultConfigurationIsVisible = 0;
			defaultConfigurationName = Release;
		};
		50B129961F4A8B8900722EFD /* Build configuration list for PBXNativeTarget "HHSafeTimerDemo" */ = {
			isa = XCConfigurationList;
			buildConfigurations = (
				50B129971F4A8B8900722EFD /* Debug */,
				50B129981F4A8B8900722EFD /* Release */,
			);
			defaultConfigurationIsVisible = 0;
			defaultConfigurationName = Release;
		};
/* End XCConfigurationList section */
	};
	rootObject = 50B129771F4A8B8900722EFD /* Project object */;
}
